
Microsoft Visual Studio Solution File, Format Version 12.00
# Visual Studio Version 17
VisualStudioVersion = 17.5.002.0
MinimumVisualStudioVersion = 10.0.40219.1
Project("{9A19103F-16F7-4668-BE54-9A1E7A4F7556}") = "App", "App.csproj", "{FB661C48-40E1-44C1-B433-E8AA49402E64}"
EndProject
Global
	GlobalSection(SolutionConfigurationPlatforms) = preSolution
		Debug|Any CPU = Debug|Any CPU
		Release|Any CPU = Release|Any CPU
	EndGlobalSection
	GlobalSection(ProjectConfigurationPlatforms) = postSolution
		{FB661C48-40E1-44C1-B433-E8AA49402E64}.Debug|Any CPU.ActiveCfg = Debug|Any CPU
		{FB661C48-40E1-44C1-B433-E8AA49402E64}.Debug|Any CPU.Build.0 = Debug|Any CPU
		{FB661C48-40E1-44C1-B433-E8AA49402E64}.Release|Any CPU.ActiveCfg = Release|Any CPU
		{FB661C48-40E1-44C1-B433-E8AA49402E64}.Release|Any CPU.Build.0 = Release|Any CPU
	EndGlobalSection
	GlobalSection(SolutionProperties) = preSolution
		HideSolutionNode = FALSE
	EndGlobalSection
	GlobalSection(ExtensibilityGlobals) = postSolution
		SolutionGuid = {02564B79-437E-4253-AD1F-267105DD981B}
	EndGlobalSection
EndGlobal
